// !$*UTF8*$!
{
	archiveVersion = 1;
	classes = {
	};
	objectVersion = 46;
	objects = {

/* Begin PBXBuildFile section */
		B7E1A5201B99172D00AC0E89 /* main.cpp in Sources */ = {isa = PBXBuildFile; fileRef = B7E1A51F1B99172D00AC0E89 /* main.cpp */; };
		B7E1A5291B9917DC00AC0E89 /* GLUT.framework in Frameworks */ = {isa = PBXBuildFile; fileRef = B7E1A5281B9917DC00AC0E89 /* GLUT.framework */; };
		B7E1A52B1B9917E700AC0E89 /* OpenGL.framework in Frameworks */ = {isa = PBXBuildFile; fileRef = B7E1A52A1B9917E700AC0E89 /* OpenGL.framework */; };
		B7E1A52D1B99187D00AC0E89 /* GLKit.framework in Frameworks */ = {isa = PBXBuildFile; fileRef = B7E1A52C1B99187D00AC0E89 /* GLKit.framework */; };
		B7E1A5371B991C9200AC0E89 /* test.cpp in Sources */ = {isa = PBXBuildFile; fileRef = B7E1A5361B991C9200AC0E89 /* test.cpp */; };
		B7E1A53B1B991CB400AC0E89 /* gtest.framework in Frameworks */ = {isa = PBXBuildFile; fileRef = B7E1A52E1B991BF800AC0E89 /* gtest.framework */; };
/* End PBXBuildFile section */

/* Begin PBXCopyFilesBuildPhase section */
		B7E1A51A1B99172D00AC0E89 /* CopyFiles */ = {
			isa = PBXCopyFilesBuildPhase;
			buildActionMask = 2147483647;
			dstPath = /usr/share/man/man1/;
			dstSubfolderSpec = 0;
			files = (
			);
			runOnlyForDeploymentPostprocessing = 1;
		};
		B7E1A5321B991C9200AC0E89 /* CopyFiles */ = {
			isa = PBXCopyFilesBuildPhase;
			buildActionMask = 2147483647;
			dstPath = /usr/share/man/man1/;
			dstSubfolderSpec = 0;
			files = (
			);
			runOnlyForDeploymentPostprocessing = 1;
		};
/* End PBXCopyFilesBuildPhase section */

/* Begin PBXFileReference section */
		B77322E11BAF637A00309BB7 /* Matrix.h */ = {isa = PBXFileReference; explicitFileType = sourcecode.cpp.h; fileEncoding = 4; path = Matrix.h; sourceTree = "<group>"; };
		B77322E21BB0AE1400309BB7 /* Splines.h */ = {isa = PBXFileReference; fileEncoding = 4; lastKnownFileType = sourcecode.c.h; path = Splines.h; sourceTree = "<group>"; };
		B7E1A51C1B99172D00AC0E89 /* CSCI6555 */ = {isa = PBXFileReference; explicitFileType = "compiled.mach-o.executable"; includeInIndex = 0; path = CSCI6555; sourceTree = BUILT_PRODUCTS_DIR; };
		B7E1A51F1B99172D00AC0E89 /* main.cpp */ = {isa = PBXFileReference; lastKnownFileType = sourcecode.cpp.cpp; path = main.cpp; sourceTree = "<group>"; };
		B7E1A5281B9917DC00AC0E89 /* GLUT.framework */ = {isa = PBXFileReference; lastKnownFileType = wrapper.framework; name = GLUT.framework; path = System/Library/Frameworks/GLUT.framework; sourceTree = SDKROOT; };
		B7E1A52A1B9917E700AC0E89 /* OpenGL.framework */ = {isa = PBXFileReference; lastKnownFileType = wrapper.framework; name = OpenGL.framework; path = System/Library/Frameworks/OpenGL.framework; sourceTree = SDKROOT; };
		B7E1A52C1B99187D00AC0E89 /* GLKit.framework */ = {isa = PBXFileReference; lastKnownFileType = wrapper.framework; name = GLKit.framework; path = System/Library/Frameworks/GLKit.framework; sourceTree = SDKROOT; };
		B7E1A52E1B991BF800AC0E89 /* gtest.framework */ = {isa = PBXFileReference; lastKnownFileType = wrapper.framework; name = gtest.framework; path = ../../Desktop/gtest.framework; sourceTree = "<group>"; };
		B7E1A5341B991C9200AC0E89 /* Tests */ = {isa = PBXFileReference; explicitFileType = "compiled.mach-o.executable"; includeInIndex = 0; path = Tests; sourceTree = BUILT_PRODUCTS_DIR; };
		B7E1A5361B991C9200AC0E89 /* test.cpp */ = {isa = PBXFileReference; lastKnownFileType = sourcecode.cpp.cpp; path = test.cpp; sourceTree = "<group>"; };
		B7E1A53C1B991E4000AC0E89 /* TestClass.h */ = {isa = PBXFileReference; fileEncoding = 4; lastKnownFileType = sourcecode.c.h; path = TestClass.h; sourceTree = "<group>"; };
		B7E1A53D1BA378E700AC0E89 /* Quaternion.h */ = {isa = PBXFileReference; lastKnownFileType = sourcecode.c.h; path = Quaternion.h; sourceTree = "<group>"; };
/* End PBXFileReference section */

/* Begin PBXFrameworksBuildPhase section */
		B7E1A5191B99172D00AC0E89 /* Frameworks */ = {
			isa = PBXFrameworksBuildPhase;
			buildActionMask = 2147483647;
			files = (
				B7E1A52D1B99187D00AC0E89 /* GLKit.framework in Frameworks */,
				B7E1A52B1B9917E700AC0E89 /* OpenGL.framework in Frameworks */,
				B7E1A5291B9917DC00AC0E89 /* GLUT.framework in Frameworks */,
			);
			runOnlyForDeploymentPostprocessing = 0;
		};
		B7E1A5311B991C9200AC0E89 /* Frameworks */ = {
			isa = PBXFrameworksBuildPhase;
			buildActionMask = 2147483647;
			files = (
				B7E1A53B1B991CB400AC0E89 /* gtest.framework in Frameworks */,
			);
			runOnlyForDeploymentPostprocessing = 0;
		};
/* End PBXFrameworksBuildPhase section */

/* Begin PBXGroup section */
		B7E1A5131B99172D00AC0E89 = {
			isa = PBXGroup;
			children = (
				B7E1A52E1B991BF800AC0E89 /* gtest.framework */,
				B7E1A52C1B99187D00AC0E89 /* GLKit.framework */,
				B7E1A52A1B9917E700AC0E89 /* OpenGL.framework */,
				B7E1A5281B9917DC00AC0E89 /* GLUT.framework */,
				B7E1A51E1B99172D00AC0E89 /* CSCI6555 */,
				B7E1A5351B991C9200AC0E89 /* Tests */,
				B7E1A51D1B99172D00AC0E89 /* Products */,
			);
			sourceTree = "<group>";
		};
		B7E1A51D1B99172D00AC0E89 /* Products */ = {
			isa = PBXGroup;
			children = (
				B7E1A51C1B99172D00AC0E89 /* CSCI6555 */,
				B7E1A5341B991C9200AC0E89 /* Tests */,
			);
			name = Products;
			sourceTree = "<group>";
		};
		B7E1A51E1B99172D00AC0E89 /* CSCI6555 */ = {
			isa = PBXGroup;
			children = (
				B7E1A51F1B99172D00AC0E89 /* main.cpp */,
				B77322E21BB0AE1400309BB7 /* Splines.h */,
				B7E1A53C1B991E4000AC0E89 /* TestClass.h */,
				B7E1A53D1BA378E700AC0E89 /* Quaternion.h */,
				B77322E11BAF637A00309BB7 /* Matrix.h */,
			);
			path = CSCI6555;
			sourceTree = "<group>";
		};
		B7E1A5351B991C9200AC0E89 /* Tests */ = {
			isa = PBXGroup;
			children = (
				B7E1A5361B991C9200AC0E89 /* test.cpp */,
			);
			path = Tests;
			sourceTree = "<group>";
		};
/* End PBXGroup section */

/* Begin PBXNativeTarget section */
		B7E1A51B1B99172D00AC0E89 /* CSCI6555 */ = {
			isa = PBXNativeTarget;
			buildConfigurationList = B7E1A5231B99172D00AC0E89 /* Build configuration list for PBXNativeTarget "CSCI6555" */;
			buildPhases = (
				B7E1A5181B99172D00AC0E89 /* Sources */,
				B7E1A5191B99172D00AC0E89 /* Frameworks */,
				B7E1A51A1B99172D00AC0E89 /* CopyFiles */,
			);
			buildRules = (
			);
			dependencies = (
			);
			name = CSCI6555;
			productName = CSCI6555;
			productReference = B7E1A51C1B99172D00AC0E89 /* CSCI6555 */;
			productType = "com.apple.product-type.tool";
		};
		B7E1A5331B991C9200AC0E89 /* Tests */ = {
			isa = PBXNativeTarget;
			buildConfigurationList = B7E1A5381B991C9200AC0E89 /* Build configuration list for PBXNativeTarget "Tests" */;
			buildPhases = (
				B7E1A5301B991C9200AC0E89 /* Sources */,
				B7E1A5311B991C9200AC0E89 /* Frameworks */,
				B7E1A5321B991C9200AC0E89 /* CopyFiles */,
			);
			buildRules = (
			);
			dependencies = (
			);
			name = Tests;
			productName = Tests;
			productReference = B7E1A5341B991C9200AC0E89 /* Tests */;
			productType = "com.apple.product-type.tool";
		};
/* End PBXNativeTarget section */

/* Begin PBXProject section */
		B7E1A5141B99172D00AC0E89 /* Project object */ = {
			isa = PBXProject;
			attributes = {
				LastUpgradeCheck = 0640;
				ORGANIZATIONNAME = "Tan Wang";
				TargetAttributes = {
					B7E1A51B1B99172D00AC0E89 = {
						CreatedOnToolsVersion = 6.4;
					};
					B7E1A5331B991C9200AC0E89 = {
						CreatedOnToolsVersion = 6.4;
					};
				};
			};
			buildConfigurationList = B7E1A5171B99172D00AC0E89 /* Build configuration list for PBXProject "CSCI6555" */;
			compatibilityVersion = "Xcode 3.2";
			developmentRegion = English;
			hasScannedForEncodings = 0;
			knownRegions = (
				en,
			);
			mainGroup = B7E1A5131B99172D00AC0E89;
			productRefGroup = B7E1A51D1B99172D00AC0E89 /* Products */;
			projectDirPath = "";
			projectRoot = "";
			targets = (
				B7E1A51B1B99172D00AC0E89 /* CSCI6555 */,
				B7E1A5331B991C9200AC0E89 /* Tests */,
			);
		};
/* End PBXProject section */

/* Begin PBXSourcesBuildPhase section */
		B7E1A5181B99172D00AC0E89 /* Sources */ = {
			isa = PBXSourcesBuildPhase;
			buildActionMask = 2147483647;
			files = (
				B7E1A5201B99172D00AC0E89 /* main.cpp in Sources */,
			);
			runOnlyForDeploymentPostprocessing = 0;
		};
		B7E1A5301B991C9200AC0E89 /* Sources */ = {
			isa = PBXSourcesBuildPhase;
			buildActionMask = 2147483647;
			files = (
				B7E1A5371B991C9200AC0E89 /* test.cpp in Sources */,
			);
			runOnlyForDeploymentPostprocessing = 0;
		};
/* End PBXSourcesBuildPhase section */

/* Begin XCBuildConfiguration section */
		B7E1A5211B99172D00AC0E89 /* Debug */ = {
			isa = XCBuildConfiguration;
			buildSettings = {
				ALWAYS_SEARCH_USER_PATHS = NO;
				CLANG_CXX_LANGUAGE_STANDARD = "gnu++0x";
				CLANG_CXX_LIBRARY = "libc++";
				CLANG_ENABLE_MODULES = YES;
				CLANG_ENABLE_OBJC_ARC = YES;
				CLANG_WARN_BOOL_CONVERSION = YES;
				CLANG_WARN_CONSTANT_CONVERSION = YES;
				CLANG_WARN_DIRECT_OBJC_ISA_USAGE = YES_ERROR;
				CLANG_WARN_EMPTY_BODY = YES;
				CLANG_WARN_ENUM_CONVERSION = YES;
				CLANG_WARN_INT_CONVERSION = YES;
				CLANG_WARN_OBJC_ROOT_CLASS = YES_ERROR;
				CLANG_WARN_UNREACHABLE_CODE = YES;
				CLANG_WARN__DUPLICATE_METHOD_MATCH = YES;
				COPY_PHASE_STRIP = NO;
				DEBUG_INFORMATION_FORMAT = dwarf;
				ENABLE_STRICT_OBJC_MSGSEND = YES;
				GCC_C_LANGUAGE_STANDARD = gnu99;
				GCC_DYNAMIC_NO_PIC = NO;
				GCC_NO_COMMON_BLOCKS = YES;
				GCC_OPTIMIZATION_LEVEL = 0;
				GCC_PREPROCESSOR_DEFINITIONS = (
					"DEBUG=1",
					"$(inherited)",
				);
				GCC_SYMBOLS_PRIVATE_EXTERN = NO;
				GCC_WARN_64_TO_32_BIT_CONVERSION = YES;
				GCC_WARN_ABOUT_RETURN_TYPE = YES_ERROR;
				GCC_WARN_UNDECLARED_SELECTOR = YES;
				GCC_WARN_UNINITIALIZED_AUTOS = YES_AGGRESSIVE;
				GCC_WARN_UNUSED_FUNCTION = YES;
				GCC_WARN_UNUSED_VARIABLE = YES;
				MACOSX_DEPLOYMENT_TARGET = 10.10;
				MTL_ENABLE_DEBUG_INFO = YES;
				ONLY_ACTIVE_ARCH = YES;
				SDKROOT = macosx;
			};
			name = Debug;
		};
		B7E1A5221B99172D00AC0E89 /* Release */ = {
			isa = XCBuildConfiguration;
			buildSettings = {
				ALWAYS_SEARCH_USER_PATHS = NO;
				CLANG_CXX_LANGUAGE_STANDARD = "gnu++0x";
				CLANG_CXX_LIBRARY = "libc++";
				CLANG_ENABLE_MODULES = YES;
				CLANG_ENABLE_OBJC_ARC = YES;
				CLANG_WARN_BOOL_CONVERSION = YES;
				CLANG_WARN_CONSTANT_CONVERSION = YES;
				CLANG_WARN_DIRECT_OBJC_ISA_USAGE = YES_ERROR;
				CLANG_WARN_EMPTY_BODY = YES;
				CLANG_WARN_ENUM_CONVERSION = YES;
				CLANG_WARN_INT_CONVERSION = YES;
				CLANG_WARN_OBJC_ROOT_CLASS = YES_ERROR;
				CLANG_WARN_UNREACHABLE_CODE = YES;
				CLANG_WARN__DUPLICATE_METHOD_MATCH = YES;
				COPY_PHASE_STRIP = NO;
				DEBUG_INFORMATION_FORMAT = "dwarf-with-dsym";
				ENABLE_NS_ASSERTIONS = NO;
				ENABLE_STRICT_OBJC_MSGSEND = YES;
				GCC_C_LANGUAGE_STANDARD = gnu99;
				GCC_NO_COMMON_BLOCKS = YES;
				GCC_WARN_64_TO_32_BIT_CONVERSION = YES;
				GCC_WARN_ABOUT_RETURN_TYPE = YES_ERROR;
				GCC_WARN_UNDECLARED_SELECTOR = YES;
				GCC_WARN_UNINITIALIZED_AUTOS = YES_AGGRESSIVE;
				GCC_WARN_UNUSED_FUNCTION = YES;
				GCC_WARN_UNUSED_VARIABLE = YES;
				MACOSX_DEPLOYMENT_TARGET = 10.10;
				MTL_ENABLE_DEBUG_INFO = NO;
				SDKROOT = macosx;
			};
			name = Release;
		};
		B7E1A5241B99172D00AC0E89 /* Debug */ = {
			isa = XCBuildConfiguration;
			buildSettings = {
				FRAMEWORK_SEARCH_PATHS = (
					"$(inherited)",
					/Users/tanwang/Desktop,
				);
				PRODUCT_NAME = "$(TARGET_NAME)";
			};
			name = Debug;
		};
		B7E1A5251B99172D00AC0E89 /* Release */ = {
			isa = XCBuildConfiguration;
			buildSettings = {
				FRAMEWORK_SEARCH_PATHS = (
					"$(inherited)",
					/Users/tanwang/Desktop,
				);
				PRODUCT_NAME = "$(TARGET_NAME)";
			};
			name = Release;
		};
		B7E1A5391B991C9200AC0E89 /* Debug */ = {
			isa = XCBuildConfiguration;
			buildSettings = {
				FRAMEWORK_SEARCH_PATHS = (
					"$(inherited)",
					/Users/tanwang/Desktop,
				);
				GCC_PREPROCESSOR_DEFINITIONS = (
					"DEBUG=1",
					"$(inherited)",
				);
				PRODUCT_NAME = "$(TARGET_NAME)";
			};
			name = Debug;
		};
		B7E1A53A1B991C9200AC0E89 /* Release */ = {
			isa = XCBuildConfiguration;
			buildSettings = {
				FRAMEWORK_SEARCH_PATHS = (
					"$(inherited)",
					/Users/tanwang/Desktop,
				);
				PRODUCT_NAME = "$(TARGET_NAME)";
			};
			name = Release;
		};
/* End XCBuildConfiguration section */

/* Begin XCConfigurationList section */
		B7E1A5171B99172D00AC0E89 /* Build configuration list for PBXProject "CSCI6555" */ = {
			isa = XCConfigurationList;
			buildConfigurations = (
				B7E1A5211B99172D00AC0E89 /* Debug */,
				B7E1A5221B99172D00AC0E89 /* Release */,
			);
			defaultConfigurationIsVisible = 0;
			defaultConfigurationName = Release;
		};
		B7E1A5231B99172D00AC0E89 /* Build configuration list for PBXNativeTarget "CSCI6555" */ = {
			isa = XCConfigurationList;
			buildConfigurations = (
				B7E1A5241B99172D00AC0E89 /* Debug */,
				B7E1A5251B99172D00AC0E89 /* Release */,
			);
			defaultConfigurationIsVisible = 0;
			defaultConfigurationName = Release;
		};
		B7E1A5381B991C9200AC0E89 /* Build configuration list for PBXNativeTarget "Tests" */ = {
			isa = XCConfigurationList;
			buildConfigurations = (
				B7E1A5391B991C9200AC0E89 /* Debug */,
				B7E1A53A1B991C9200AC0E89 /* Release */,
			);
			defaultConfigurationIsVisible = 0;
			defaultConfigurationName = Release;
		};
/* End XCConfigurationList section */
	};
	rootObject = B7E1A5141B99172D00AC0E89 /* Project object */;
}
